lockfileVersion: '9.0'

settings:
  autoInstallPeers: true
  excludeLinksFromLockfile: false

importers:

  .:
    dependencies:
      occt-import-js:
        specifier: ^0.0.23
        version: 0.0.23

packages:

  occt-import-js@0.0.23:
    resolution: {integrity: sha512-RFfYQXYFX5C1mB1Aywm0ShcUKzXOr/VzTnlzhBSDJOR6YCAPt1HYCzeXWg1vwwjn/cUxwqRNhhtf1dlewoZYCQ==}

snapshots:

  occt-import-js@0.0.23: {}
